
Microsoft Visual Studio Solution File, Format Version 12.00
# Visual Studio Version 17
VisualStudioVersion = 17.14.36121.58
MinimumVisualStudioVersion = 15.0.26124.0
Project("{2150E333-8FDC-42A3-9474-1A3956D46DE8}") = "src", "src", "{63AE0367-7957-45B4-836F-A29BD41EC4D6}"
EndProject
Project("{2150E333-8FDC-42A3-9474-1A3956D46DE8}") = "perf", "perf", "{2807B509-EC60-47C8-B0D7-5F07F2E0EEF2}"
EndProject
Project("{9A19103F-16F7-4668-BE54-9A1E7A4F7556}") = "PocValidateRequestContentHash.MicroBenchmark", "perf\PocValidateRequestContentHash.MicroBenchmark\PocValidateRequestContentHash.MicroBenchmark.csproj", "{11B172BD-1929-467F-ABA1-65A43F0A7F9E}"
EndProject
Project("{9A19103F-16F7-4668-BE54-9A1E7A4F7556}") = "ContentHashValidation", "src\ContentHashValidation\ContentHashValidation.csproj", "{573E2916-E130-4867-9992-19C95C3F2C7E}"
EndProject
Project("{2150E333-8FDC-42A3-9474-1A3956D46DE8}") = "test", "test", "{C32067D9-1396-4F5E-88F5-3B1DBF723F7E}"
EndProject
Project("{9A19103F-16F7-4668-BE54-9A1E7A4F7556}") = "ContentHashValidation.Tests", "test\ContentHashValidation.Tests\ContentHashValidation.Tests.csproj", "{5B648140-ED3E-4AC7-AB57-5CE968A4F290}"
EndProject
Project("{2150E333-8FDC-42A3-9474-1A3956D46DE8}") = "samples", "samples", "{2A0B88E5-C485-4B65-A58A-79D8ACBE334C}"
EndProject
Project("{9A19103F-16F7-4668-BE54-9A1E7A4F7556}") = "MyWebApi", "samples\MyWebApi\MyWebApi.csproj", "{E917409A-6FB2-450D-ABEF-735091171308}"
EndProject
Project("{2150E333-8FDC-42A3-9474-1A3956D46DE8}") = "Solution Items", "Solution Items", "{089100B1-113F-4E66-888A-E83F3999EAFD}"
	ProjectSection(SolutionItems) = preProject
		.gitignore = .gitignore
		Directory.Build.props = Directory.Build.props
		README.md = README.md
	EndProjectSection
EndProject
Global
	GlobalSection(SolutionConfigurationPlatforms) = preSolution
		Debug|Any CPU = Debug|Any CPU
		Debug|x64 = Debug|x64
		Debug|x86 = Debug|x86
		Release|Any CPU = Release|Any CPU
		Release|x64 = Release|x64
		Release|x86 = Release|x86
	EndGlobalSection
	GlobalSection(ProjectConfigurationPlatforms) = postSolution
		{11B172BD-1929-467F-ABA1-65A43F0A7F9E}.Debug|Any CPU.ActiveCfg = Debug|Any CPU
		{11B172BD-1929-467F-ABA1-65A43F0A7F9E}.Debug|Any CPU.Build.0 = Debug|Any CPU
		{11B172BD-1929-467F-ABA1-65A43F0A7F9E}.Debug|x64.ActiveCfg = Debug|Any CPU
		{11B172BD-1929-467F-ABA1-65A43F0A7F9E}.Debug|x64.Build.0 = Debug|Any CPU
		{11B172BD-1929-467F-ABA1-65A43F0A7F9E}.Debug|x86.ActiveCfg = Debug|Any CPU
		{11B172BD-1929-467F-ABA1-65A43F0A7F9E}.Debug|x86.Build.0 = Debug|Any CPU
		{11B172BD-1929-467F-ABA1-65A43F0A7F9E}.Release|Any CPU.ActiveCfg = Release|Any CPU
		{11B172BD-1929-467F-ABA1-65A43F0A7F9E}.Release|Any CPU.Build.0 = Release|Any CPU
		{11B172BD-1929-467F-ABA1-65A43F0A7F9E}.Release|x64.ActiveCfg = Release|Any CPU
		{11B172BD-1929-467F-ABA1-65A43F0A7F9E}.Release|x64.Build.0 = Release|Any CPU
		{11B172BD-1929-467F-ABA1-65A43F0A7F9E}.Release|x86.ActiveCfg = Release|Any CPU
		{11B172BD-1929-467F-ABA1-65A43F0A7F9E}.Release|x86.Build.0 = Release|Any CPU
		{573E2916-E130-4867-9992-19C95C3F2C7E}.Debug|Any CPU.ActiveCfg = Debug|Any CPU
		{573E2916-E130-4867-9992-19C95C3F2C7E}.Debug|Any CPU.Build.0 = Debug|Any CPU
		{573E2916-E130-4867-9992-19C95C3F2C7E}.Debug|x64.ActiveCfg = Debug|Any CPU
		{573E2916-E130-4867-9992-19C95C3F2C7E}.Debug|x64.Build.0 = Debug|Any CPU
		{573E2916-E130-4867-9992-19C95C3F2C7E}.Debug|x86.ActiveCfg = Debug|Any CPU
		{573E2916-E130-4867-9992-19C95C3F2C7E}.Debug|x86.Build.0 = Debug|Any CPU
		{573E2916-E130-4867-9992-19C95C3F2C7E}.Release|Any CPU.ActiveCfg = Release|Any CPU
		{573E2916-E130-4867-9992-19C95C3F2C7E}.Release|Any CPU.Build.0 = Release|Any CPU
		{573E2916-E130-4867-9992-19C95C3F2C7E}.Release|x64.ActiveCfg = Release|Any CPU
		{573E2916-E130-4867-9992-19C95C3F2C7E}.Release|x64.Build.0 = Release|Any CPU
		{573E2916-E130-4867-9992-19C95C3F2C7E}.Release|x86.ActiveCfg = Release|Any CPU
		{573E2916-E130-4867-9992-19C95C3F2C7E}.Release|x86.Build.0 = Release|Any CPU
		{5B648140-ED3E-4AC7-AB57-5CE968A4F290}.Debug|Any CPU.ActiveCfg = Debug|Any CPU
		{5B648140-ED3E-4AC7-AB57-5CE968A4F290}.Debug|Any CPU.Build.0 = Debug|Any CPU
		{5B648140-ED3E-4AC7-AB57-5CE968A4F290}.Debug|x64.ActiveCfg = Debug|Any CPU
		{5B648140-ED3E-4AC7-AB57-5CE968A4F290}.Debug|x64.Build.0 = Debug|Any CPU
		{5B648140-ED3E-4AC7-AB57-5CE968A4F290}.Debug|x86.ActiveCfg = Debug|Any CPU
		{5B648140-ED3E-4AC7-AB57-5CE968A4F290}.Debug|x86.Build.0 = Debug|Any CPU
		{5B648140-ED3E-4AC7-AB57-5CE968A4F290}.Release|Any CPU.ActiveCfg = Release|Any CPU
		{5B648140-ED3E-4AC7-AB57-5CE968A4F290}.Release|Any CPU.Build.0 = Release|Any CPU
		{5B648140-ED3E-4AC7-AB57-5CE968A4F290}.Release|x64.ActiveCfg = Release|Any CPU
		{5B648140-ED3E-4AC7-AB57-5CE968A4F290}.Release|x64.Build.0 = Release|Any CPU
		{5B648140-ED3E-4AC7-AB57-5CE968A4F290}.Release|x86.ActiveCfg = Release|Any CPU
		{5B648140-ED3E-4AC7-AB57-5CE968A4F290}.Release|x86.Build.0 = Release|Any CPU
		{E917409A-6FB2-450D-ABEF-735091171308}.Debug|Any CPU.ActiveCfg = Debug|Any CPU
		{E917409A-6FB2-450D-ABEF-735091171308}.Debug|Any CPU.Build.0 = Debug|Any CPU
		{E917409A-6FB2-450D-ABEF-735091171308}.Debug|x64.ActiveCfg = Debug|Any CPU
		{E917409A-6FB2-450D-ABEF-735091171308}.Debug|x64.Build.0 = Debug|Any CPU
		{E917409A-6FB2-450D-ABEF-735091171308}.Debug|x86.ActiveCfg = Debug|Any CPU
		{E917409A-6FB2-450D-ABEF-735091171308}.Debug|x86.Build.0 = Debug|Any CPU
		{E917409A-6FB2-450D-ABEF-735091171308}.Release|Any CPU.ActiveCfg = Release|Any CPU
		{E917409A-6FB2-450D-ABEF-735091171308}.Release|Any CPU.Build.0 = Release|Any CPU
		{E917409A-6FB2-450D-ABEF-735091171308}.Release|x64.ActiveCfg = Release|Any CPU
		{E917409A-6FB2-450D-ABEF-735091171308}.Release|x64.Build.0 = Release|Any CPU
		{E917409A-6FB2-450D-ABEF-735091171308}.Release|x86.ActiveCfg = Release|Any CPU
		{E917409A-6FB2-450D-ABEF-735091171308}.Release|x86.Build.0 = Release|Any CPU
	EndGlobalSection
	GlobalSection(SolutionProperties) = preSolution
		HideSolutionNode = FALSE
	EndGlobalSection
	GlobalSection(NestedProjects) = preSolution
		{11B172BD-1929-467F-ABA1-65A43F0A7F9E} = {2807B509-EC60-47C8-B0D7-5F07F2E0EEF2}
		{573E2916-E130-4867-9992-19C95C3F2C7E} = {63AE0367-7957-45B4-836F-A29BD41EC4D6}
		{5B648140-ED3E-4AC7-AB57-5CE968A4F290} = {C32067D9-1396-4F5E-88F5-3B1DBF723F7E}
		{E917409A-6FB2-450D-ABEF-735091171308} = {2A0B88E5-C485-4B65-A58A-79D8ACBE334C}
	EndGlobalSection
	GlobalSection(ExtensibilityGlobals) = postSolution
		SolutionGuid = {DFD16F06-D94D-4869-9749-6060CF5F84A3}
	EndGlobalSection
EndGlobal
